
Microsoft Visual Studio Solution File, Format Version 12.00
# Visual Studio Version 17
VisualStudioVersion = 17.7.34024.191
MinimumVisualStudioVersion = 10.0.40219.1
Project("{9A19103F-16F7-4668-BE54-9A1E7A4F7556}") = "Core", "Core.csproj", "{733F217E-CE14-43F1-81A3-38DCE600D2DA}"
EndProject
Project("{FAE04EC0-301F-11D3-BF4B-00C04F79EFBC}") = "Dominio", "..\Dominio\Dominio.csproj", "{5A7399E3-3D3E-450A-87CC-FB41DEDA3184}"
EndProject
Global
	GlobalSection(SolutionConfigurationPlatforms) = preSolution
		Debug|Any CPU = Debug|Any CPU
		Release|Any CPU = Release|Any CPU
	EndGlobalSection
	GlobalSection(ProjectConfigurationPlatforms) = postSolution
		{733F217E-CE14-43F1-81A3-38DCE600D2DA}.Debug|Any CPU.ActiveCfg = Debug|Any CPU
		{733F217E-CE14-43F1-81A3-38DCE600D2DA}.Debug|Any CPU.Build.0 = Debug|Any CPU
		{733F217E-CE14-43F1-81A3-38DCE600D2DA}.Release|Any CPU.ActiveCfg = Release|Any CPU
		{733F217E-CE14-43F1-81A3-38DCE600D2DA}.Release|Any CPU.Build.0 = Release|Any CPU
		{5A7399E3-3D3E-450A-87CC-FB41DEDA3184}.Debug|Any CPU.ActiveCfg = Debug|Any CPU
		{5A7399E3-3D3E-450A-87CC-FB41DEDA3184}.Debug|Any CPU.Build.0 = Debug|Any CPU
		{5A7399E3-3D3E-450A-87CC-FB41DEDA3184}.Release|Any CPU.ActiveCfg = Release|Any CPU
		{5A7399E3-3D3E-450A-87CC-FB41DEDA3184}.Release|Any CPU.Build.0 = Release|Any CPU
	EndGlobalSection
	GlobalSection(SolutionProperties) = preSolution
		HideSolutionNode = FALSE
	EndGlobalSection
	GlobalSection(ExtensibilityGlobals) = postSolution
		SolutionGuid = {41BDD010-1FD0-4352-9636-70E922CC251D}
	EndGlobalSection
EndGlobal
